
Microsoft Visual Studio Solution File, Format Version 12.00
# Visual Studio 15
VisualStudioVersion = 15.0.26430.16
MinimumVisualStudioVersion = 10.0.40219.1
Project("{FAE04EC0-301F-11D3-BF4B-00C04F79EFBC}") = "asardotnetasync", "asardotnetasync\asardotnetasync.csproj", "{F6A8FB82-1478-4420-8A79-40CD6F01009E}"
EndProject
Project("{FAE04EC0-301F-11D3-BF4B-00C04F79EFBC}") = "Tests", "Tests\Tests.csproj", "{19538B0A-62EA-4193-BAF9-99166D733970}"
EndProject
Global
	GlobalSection(SolutionConfigurationPlatforms) = preSolution
		Debug|Any CPU = Debug|Any CPU
		Release|Any CPU = Release|Any CPU
	EndGlobalSection
	GlobalSection(ProjectConfigurationPlatforms) = postSolution
		{F6A8FB82-1478-4420-8A79-40CD6F01009E}.Debug|Any CPU.ActiveCfg = Debug|Any CPU
		{F6A8FB82-1478-4420-8A79-40CD6F01009E}.Debug|Any CPU.Build.0 = Debug|Any CPU
		{F6A8FB82-1478-4420-8A79-40CD6F01009E}.Release|Any CPU.ActiveCfg = Release|Any CPU
		{F6A8FB82-1478-4420-8A79-40CD6F01009E}.Release|Any CPU.Build.0 = Release|Any CPU
		{19538B0A-62EA-4193-BAF9-99166D733970}.Debug|Any CPU.ActiveCfg = Debug|Any CPU
		{19538B0A-62EA-4193-BAF9-99166D733970}.Debug|Any CPU.Build.0 = Debug|Any CPU
		{19538B0A-62EA-4193-BAF9-99166D733970}.Release|Any CPU.ActiveCfg = Release|Any CPU
		{19538B0A-62EA-4193-BAF9-99166D733970}.Release|Any CPU.Build.0 = Release|Any CPU
	EndGlobalSection
	GlobalSection(SolutionProperties) = preSolution
		HideSolutionNode = FALSE
	EndGlobalSection
EndGlobal
